
Microsoft Visual Studio Solution File, Format Version 11.00
# Visual Studio 2010
Project("{FAE04EC0-301F-11D3-BF4B-00C04F79EFBC}") = "Urasandesu.NTroll.PInvoke", "Urasandesu.NTroll.PInvoke\Urasandesu.NTroll.PInvoke.csproj", "{FD51EBA3-6975-471E-85EA-10D940A1CD41}"
EndProject
Project("{FAE04EC0-301F-11D3-BF4B-00C04F79EFBC}") = "Urasandesu.NTroll.EnumerateWindowsSample", "Urasandesu.NTroll.EnumerateWindowsSample\Urasandesu.NTroll.EnumerateWindowsSample.csproj", "{1F26F58D-CFB4-4F6B-A0FD-8E9B0137EE07}"
EndProject
Project("{FAE04EC0-301F-11D3-BF4B-00C04F79EFBC}") = "Urasandesu.NTroll.GlobalClassTestSample", "Urasandesu.NTroll.GlobalClassTestSample\Urasandesu.NTroll.GlobalClassTestSample.csproj", "{FFDB8F7E-5A67-4793-B561-C25F3A4FC02D}"
EndProject
Project("{FAE04EC0-301F-11D3-BF4B-00C04F79EFBC}") = "Test.Urasandesu.NTroll.GlobalClassTestSample", "Test.Urasandesu.NTroll.GlobalClassTestSample\Test.Urasandesu.NTroll.GlobalClassTestSample.csproj", "{B6146F37-4954-42B6-85A4-48767E81BE1D}"
EndProject
Project("{FAE04EC0-301F-11D3-BF4B-00C04F79EFBC}") = "Test.Urasandesu.NTroll.GlobalClassTestSample.DI", "Test.Urasandesu.NTroll.GlobalClassTestSample.DI\Test.Urasandesu.NTroll.GlobalClassTestSample.DI.csproj", "{1D399416-67B0-4BC4-95E9-EA6BFC71CF42}"
EndProject
Project("{FAE04EC0-301F-11D3-BF4B-00C04F79EFBC}") = "Urasandesu.NTroll.MVVM", "Urasandesu.NTroll.MVVM\Urasandesu.NTroll.MVVM.csproj", "{13CC762C-6E75-4D4A-8D76-9B96B59DD2CE}"
EndProject
Project("{FAE04EC0-301F-11D3-BF4B-00C04F79EFBC}") = "Urasandesu.NTroll.DSMAnalyzer", "Urasandesu.NTroll.DSMAnalyzer\Urasandesu.NTroll.DSMAnalyzer.csproj", "{F3EDD30E-A35E-4E7E-B770-CC3B7399D9B9}"
EndProject
Project("{FAE04EC0-301F-11D3-BF4B-00C04F79EFBC}") = "Urasandesu.NTroll.Elicitor", "Urasandesu.NTroll.Elicitor\Urasandesu.NTroll.Elicitor.csproj", "{07B3B2EA-9381-492B-800A-B46B7C2D0864}"
EndProject
Project("{FAE04EC0-301F-11D3-BF4B-00C04F79EFBC}") = "Urasandesu.NTroll.AutoGenerationHolic.Helpers", "Urasandesu.NTroll.AutoGenerationHolic.Helpers\Urasandesu.NTroll.AutoGenerationHolic.Helpers.csproj", "{245F64C6-4685-4595-95E3-A62D3A7EB87F}"
EndProject
Project("{FAE04EC0-301F-11D3-BF4B-00C04F79EFBC}") = "Urasandesu.NTroll.AutoGenerationHolic.Targets", "Urasandesu.NTroll.AutoGenerationHolic.Targets\Urasandesu.NTroll.AutoGenerationHolic.Targets.csproj", "{D562F8F9-7B65-4C7E-9D02-66B71DD8A8A1}"
EndProject
Project("{FAE04EC0-301F-11D3-BF4B-00C04F79EFBC}") = "Urasandesu.NTroll.AutoGenerationHolic.CodeDomSample", "Urasandesu.NTroll.AutoGenerationHolic.CodeDomSample\Urasandesu.NTroll.AutoGenerationHolic.CodeDomSample.csproj", "{812A5C9D-F699-41DB-8254-A5676965255E}"
EndProject
Project("{FAE04EC0-301F-11D3-BF4B-00C04F79EFBC}") = "Test.Urasandesu.NTroll.AutoGenerationHolic.CodeDomSample", "Test.Urasandesu.NTroll.AutoGenerationHolic.CodeDomSample\Test.Urasandesu.NTroll.AutoGenerationHolic.CodeDomSample.csproj", "{8C0C7E48-7FE2-4B5D-ADA6-D356E59171D2}"
EndProject
Project("{FAE04EC0-301F-11D3-BF4B-00C04F79EFBC}") = "Urasandesu.NTroll.AutoGenerationHolic.DynamicAssemblySample", "Urasandesu.NTroll.AutoGenerationHolic.DynamicAssemblySample\Urasandesu.NTroll.AutoGenerationHolic.DynamicAssemblySample.csproj", "{7F11C7D3-50B2-4E02-9325-6BB33AF801E0}"
EndProject
Project("{FAE04EC0-301F-11D3-BF4B-00C04F79EFBC}") = "Test.Urasandesu.NTroll.AutoGenerationHolic.DynamicAssemblySample", "Test.Urasandesu.NTroll.AutoGenerationHolic.DynamicAssemblySample\Test.Urasandesu.NTroll.AutoGenerationHolic.DynamicAssemblySample.csproj", "{29D86F21-570A-4397-8B68-DF3E2EE0421C}"
EndProject
Project("{FAE04EC0-301F-11D3-BF4B-00C04F79EFBC}") = "Test.Urasandesu.NTroll.AutoGenerationHolic.CecilSample", "Test.Urasandesu.NTroll.AutoGenerationHolic.CecilSample\Test.Urasandesu.NTroll.AutoGenerationHolic.CecilSample.csproj", "{662344B4-B18E-42EA-8165-BBD82CA272C1}"
EndProject
Project("{FAE04EC0-301F-11D3-BF4B-00C04F79EFBC}") = "Urasandesu.NTroll.AutoGenerationHolic.CecilSample", "Urasandesu.NTroll.AutoGenerationHolic.CecilSample\Urasandesu.NTroll.AutoGenerationHolic.CecilSample.csproj", "{D7BA7037-C5D1-4F64-A3F2-63C86EB53C5C}"
EndProject
Project("{FAE04EC0-301F-11D3-BF4B-00C04F79EFBC}") = "Test.Urasandesu.NTroll.AutoGenerationHolic.DynamicMethodSample", "Test.Urasandesu.NTroll.AutoGenerationHolic.DynamicMethodSample\Test.Urasandesu.NTroll.AutoGenerationHolic.DynamicMethodSample.csproj", "{41D084BB-154A-47F7-A51D-89100B63BDA2}"
EndProject
Project("{FAE04EC0-301F-11D3-BF4B-00C04F79EFBC}") = "Urasandesu.NTroll.AutoGenerationHolic.DynamicMethodSample", "Urasandesu.NTroll.AutoGenerationHolic.DynamicMethodSample\Urasandesu.NTroll.AutoGenerationHolic.DynamicMethodSample.csproj", "{7F3ABED1-9C78-44A6-9495-2B1B1155F9A5}"
EndProject
Project("{FAE04EC0-301F-11D3-BF4B-00C04F79EFBC}") = "Test.Urasandesu.NTroll.AutoGenerationHolic.ExpressionTreeSample", "Test.Urasandesu.NTroll.AutoGenerationHolic.ExpressionTreeSample\Test.Urasandesu.NTroll.AutoGenerationHolic.ExpressionTreeSample.csproj", "{46E0E5C5-2D83-4B25-BF33-FA6E9B227633}"
EndProject
Project("{FAE04EC0-301F-11D3-BF4B-00C04F79EFBC}") = "Urasandesu.NTroll.AutoGenerationHolic.ExpressionTreeSample", "Urasandesu.NTroll.AutoGenerationHolic.ExpressionTreeSample\Urasandesu.NTroll.AutoGenerationHolic.ExpressionTreeSample.csproj", "{E1E3A53A-6B9B-499A-8F06-5727886AB0CF}"
EndProject
Project("{FAE04EC0-301F-11D3-BF4B-00C04F79EFBC}") = "Test.Urasandesu.NTroll.AutoGenerationHolic.NAnonymSample", "Test.Urasandesu.NTroll.AutoGenerationHolic.NAnonymSample\Test.Urasandesu.NTroll.AutoGenerationHolic.NAnonymSample.csproj", "{BBB4C416-A963-4886-8575-CB547822FC5E}"
EndProject
Project("{FAE04EC0-301F-11D3-BF4B-00C04F79EFBC}") = "Urasandesu.NTroll.AutoGenerationHolic.NAnonymSample", "Urasandesu.NTroll.AutoGenerationHolic.NAnonymSample\Urasandesu.NTroll.AutoGenerationHolic.NAnonymSample.csproj", "{6FEA9933-3CA8-4376-A683-3922036958C3}"
EndProject
Project("{FAE04EC0-301F-11D3-BF4B-00C04F79EFBC}") = "Test.Urasandesu.NTroll.AutoGenerationHolic.ReflectionSample", "Test.Urasandesu.NTroll.AutoGenerationHolic.ReflectionSample\Test.Urasandesu.NTroll.AutoGenerationHolic.ReflectionSample.csproj", "{382D69BB-CCA2-4CDC-AEB3-446B65060781}"
EndProject
Project("{FAE04EC0-301F-11D3-BF4B-00C04F79EFBC}") = "Urasandesu.NTroll.AutoGenerationHolic.ReflectionSample", "Urasandesu.NTroll.AutoGenerationHolic.ReflectionSample\Urasandesu.NTroll.AutoGenerationHolic.ReflectionSample.csproj", "{8B21E3F2-FD7D-4AB2-8459-CAFEAC1DABD5}"
EndProject
Project("{FAE04EC0-301F-11D3-BF4B-00C04F79EFBC}") = "Urasandesu.NTroll.FormulaSample", "Urasandesu.NTroll.FormulaSample\Urasandesu.NTroll.FormulaSample.csproj", "{29B987B2-E827-4E7A-8D60-8CD02F6D8686}"
EndProject
Project("{FAE04EC0-301F-11D3-BF4B-00C04F79EFBC}") = "Test.Urasandesu.NTroll.FormulaSample", "Test.Urasandesu.NTroll.FormulaSample\Test.Urasandesu.NTroll.FormulaSample.csproj", "{01DA7261-98C8-4EB0-8240-FDDF852CF59B}"
EndProject
Project("{FAE04EC0-301F-11D3-BF4B-00C04F79EFBC}") = "Test.Urasandesu.NTroll.FormulaSample2", "Test.Urasandesu.NTroll.FormulaSample2\Test.Urasandesu.NTroll.FormulaSample2.csproj", "{40703C01-B49E-49CD-A889-F348E3C838B8}"
EndProject
Project("{FAE04EC0-301F-11D3-BF4B-00C04F79EFBC}") = "Urasandesu.NTroll.FormulaSample2", "Urasandesu.NTroll.FormulaSample2\Urasandesu.NTroll.FormulaSample2.csproj", "{05D21982-E835-405C-BCF9-F798AF93EB49}"
EndProject
Project("{FAE04EC0-301F-11D3-BF4B-00C04F79EFBC}") = "Urasandesu.NTroll.FormulaSample3", "Urasandesu.NTroll.FormulaSample3\Urasandesu.NTroll.FormulaSample3.csproj", "{DDEEF249-8C0F-4959-B027-906E159CE9ED}"
EndProject
Project("{FAE04EC0-301F-11D3-BF4B-00C04F79EFBC}") = "Test.Urasandesu.NTroll.FormulaSample3", "Test.Urasandesu.NTroll.FormulaSample3\Test.Urasandesu.NTroll.FormulaSample3.csproj", "{D92B4577-F1C7-4274-89E2-405D278CC805}"
EndProject
Project("{FAE04EC0-301F-11D3-BF4B-00C04F79EFBC}") = "Test.Urasandesu.NTroll.FormulaSample4", "Test.Urasandesu.NTroll.FormulaSample4\Test.Urasandesu.NTroll.FormulaSample4.csproj", "{90F11A33-6FCA-4A2D-A878-4D818B67A3E8}"
EndProject
Project("{FAE04EC0-301F-11D3-BF4B-00C04F79EFBC}") = "Urasandesu.NTroll.FormulaSample4", "Urasandesu.NTroll.FormulaSample4\Urasandesu.NTroll.FormulaSample4.csproj", "{FEB6E732-298C-40FC-A459-A9F500D65085}"
EndProject
Project("{FAE04EC0-301F-11D3-BF4B-00C04F79EFBC}") = "Urasandesu.NTroll.FormulaSample5", "Urasandesu.NTroll.FormulaSample5\Urasandesu.NTroll.FormulaSample5.csproj", "{A8AA01D6-3ECD-4CE1-AA1B-84A03D43FAEC}"
EndProject
Project("{FAE04EC0-301F-11D3-BF4B-00C04F79EFBC}") = "Test.Urasandesu.NTroll.FormulaSample5", "Test.Urasandesu.NTroll.FormulaSample5\Test.Urasandesu.NTroll.FormulaSample5.csproj", "{86B7BA6A-F2E0-43AD-9950-F28ADB519234}"
EndProject
Project("{FAE04EC0-301F-11D3-BF4B-00C04F79EFBC}") = "Urasandesu.NTroll.DomainFree", "Urasandesu.NTroll.DomainFree\Urasandesu.NTroll.DomainFree.csproj", "{288CE984-1785-4734-8691-E33D1EAEE14B}"
EndProject
Project("{FAE04EC0-301F-11D3-BF4B-00C04F79EFBC}") = "Test.Urasandesu.NTroll.DomainFree", "Test.Urasandesu.NTroll.DomainFree\Test.Urasandesu.NTroll.DomainFree.csproj", "{30D74973-80E0-4A78-84E0-B2E7FCA3B556}"
EndProject
Global
	GlobalSection(SolutionConfigurationPlatforms) = preSolution
		Debug|Any CPU = Debug|Any CPU
		Debug|Mixed Platforms = Debug|Mixed Platforms
		Debug|x86 = Debug|x86
		Release|Any CPU = Release|Any CPU
		Release|Mixed Platforms = Release|Mixed Platforms
		Release|x86 = Release|x86
	EndGlobalSection
	GlobalSection(ProjectConfigurationPlatforms) = postSolution
		{FD51EBA3-6975-471E-85EA-10D940A1CD41}.Debug|Any CPU.ActiveCfg = Debug|Any CPU
		{FD51EBA3-6975-471E-85EA-10D940A1CD41}.Debug|Any CPU.Build.0 = Debug|Any CPU
		{FD51EBA3-6975-471E-85EA-10D940A1CD41}.Debug|Mixed Platforms.ActiveCfg = Debug|Any CPU
		{FD51EBA3-6975-471E-85EA-10D940A1CD41}.Debug|Mixed Platforms.Build.0 = Debug|Any CPU
		{FD51EBA3-6975-471E-85EA-10D940A1CD41}.Debug|x86.ActiveCfg = Debug|Any CPU
		{FD51EBA3-6975-471E-85EA-10D940A1CD41}.Release|Any CPU.ActiveCfg = Release|Any CPU
		{FD51EBA3-6975-471E-85EA-10D940A1CD41}.Release|Any CPU.Build.0 = Release|Any CPU
		{FD51EBA3-6975-471E-85EA-10D940A1CD41}.Release|Mixed Platforms.ActiveCfg = Release|Any CPU
		{FD51EBA3-6975-471E-85EA-10D940A1CD41}.Release|Mixed Platforms.Build.0 = Release|Any CPU
		{FD51EBA3-6975-471E-85EA-10D940A1CD41}.Release|x86.ActiveCfg = Release|Any CPU
		{1F26F58D-CFB4-4F6B-A0FD-8E9B0137EE07}.Debug|Any CPU.ActiveCfg = Debug|Any CPU
		{1F26F58D-CFB4-4F6B-A0FD-8E9B0137EE07}.Debug|Any CPU.Build.0 = Debug|Any CPU
		{1F26F58D-CFB4-4F6B-A0FD-8E9B0137EE07}.Debug|Mixed Platforms.ActiveCfg = Debug|Any CPU
		{1F26F58D-CFB4-4F6B-A0FD-8E9B0137EE07}.Debug|Mixed Platforms.Build.0 = Debug|Any CPU
		{1F26F58D-CFB4-4F6B-A0FD-8E9B0137EE07}.Debug|x86.ActiveCfg = Debug|Any CPU
		{1F26F58D-CFB4-4F6B-A0FD-8E9B0137EE07}.Release|Any CPU.ActiveCfg = Release|Any CPU
		{1F26F58D-CFB4-4F6B-A0FD-8E9B0137EE07}.Release|Any CPU.Build.0 = Release|Any CPU
		{1F26F58D-CFB4-4F6B-A0FD-8E9B0137EE07}.Release|Mixed Platforms.ActiveCfg = Release|Any CPU
		{1F26F58D-CFB4-4F6B-A0FD-8E9B0137EE07}.Release|Mixed Platforms.Build.0 = Release|Any CPU
		{1F26F58D-CFB4-4F6B-A0FD-8E9B0137EE07}.Release|x86.ActiveCfg = Release|Any CPU
		{FFDB8F7E-5A67-4793-B561-C25F3A4FC02D}.Debug|Any CPU.ActiveCfg = Debug|Any CPU
		{FFDB8F7E-5A67-4793-B561-C25F3A4FC02D}.Debug|Any CPU.Build.0 = Debug|Any CPU
		{FFDB8F7E-5A67-4793-B561-C25F3A4FC02D}.Debug|Mixed Platforms.ActiveCfg = Debug|Any CPU
		{FFDB8F7E-5A67-4793-B561-C25F3A4FC02D}.Debug|Mixed Platforms.Build.0 = Debug|Any CPU
		{FFDB8F7E-5A67-4793-B561-C25F3A4FC02D}.Debug|x86.ActiveCfg = Debug|Any CPU
		{FFDB8F7E-5A67-4793-B561-C25F3A4FC02D}.Release|Any CPU.ActiveCfg = Release|Any CPU
		{FFDB8F7E-5A67-4793-B561-C25F3A4FC02D}.Release|Any CPU.Build.0 = Release|Any CPU
		{FFDB8F7E-5A67-4793-B561-C25F3A4FC02D}.Release|Mixed Platforms.ActiveCfg = Release|Any CPU
		{FFDB8F7E-5A67-4793-B561-C25F3A4FC02D}.Release|Mixed Platforms.Build.0 = Release|Any CPU
		{FFDB8F7E-5A67-4793-B561-C25F3A4FC02D}.Release|x86.ActiveCfg = Release|Any CPU
		{B6146F37-4954-42B6-85A4-48767E81BE1D}.Debug|Any CPU.ActiveCfg = Debug|Any CPU
		{B6146F37-4954-42B6-85A4-48767E81BE1D}.Debug|Any CPU.Build.0 = Debug|Any CPU
		{B6146F37-4954-42B6-85A4-48767E81BE1D}.Debug|Mixed Platforms.ActiveCfg = Debug|Any CPU
		{B6146F37-4954-42B6-85A4-48767E81BE1D}.Debug|Mixed Platforms.Build.0 = Debug|Any CPU
		{B6146F37-4954-42B6-85A4-48767E81BE1D}.Debug|x86.ActiveCfg = Debug|Any CPU
		{B6146F37-4954-42B6-85A4-48767E81BE1D}.Release|Any CPU.ActiveCfg = Release|Any CPU
		{B6146F37-4954-42B6-85A4-48767E81BE1D}.Release|Any CPU.Build.0 = Release|Any CPU
		{B6146F37-4954-42B6-85A4-48767E81BE1D}.Release|Mixed Platforms.ActiveCfg = Release|Any CPU
		{B6146F37-4954-42B6-85A4-48767E81BE1D}.Release|Mixed Platforms.Build.0 = Release|Any CPU
		{B6146F37-4954-42B6-85A4-48767E81BE1D}.Release|x86.ActiveCfg = Release|Any CPU
		{1D399416-67B0-4BC4-95E9-EA6BFC71CF42}.Debug|Any CPU.ActiveCfg = Debug|Any CPU
		{1D399416-67B0-4BC4-95E9-EA6BFC71CF42}.Debug|Any CPU.Build.0 = Debug|Any CPU
		{1D399416-67B0-4BC4-95E9-EA6BFC71CF42}.Debug|Mixed Platforms.ActiveCfg = Debug|Any CPU
		{1D399416-67B0-4BC4-95E9-EA6BFC71CF42}.Debug|Mixed Platforms.Build.0 = Debug|Any CPU
		{1D399416-67B0-4BC4-95E9-EA6BFC71CF42}.Debug|x86.ActiveCfg = Debug|Any CPU
		{1D399416-67B0-4BC4-95E9-EA6BFC71CF42}.Release|Any CPU.ActiveCfg = Release|Any CPU
		{1D399416-67B0-4BC4-95E9-EA6BFC71CF42}.Release|Any CPU.Build.0 = Release|Any CPU
		{1D399416-67B0-4BC4-95E9-EA6BFC71CF42}.Release|Mixed Platforms.ActiveCfg = Release|Any CPU
		{1D399416-67B0-4BC4-95E9-EA6BFC71CF42}.Release|Mixed Platforms.Build.0 = Release|Any CPU
		{1D399416-67B0-4BC4-95E9-EA6BFC71CF42}.Release|x86.ActiveCfg = Release|Any CPU
		{13CC762C-6E75-4D4A-8D76-9B96B59DD2CE}.Debug|Any CPU.ActiveCfg = Debug|Any CPU
		{13CC762C-6E75-4D4A-8D76-9B96B59DD2CE}.Debug|Any CPU.Build.0 = Debug|Any CPU
		{13CC762C-6E75-4D4A-8D76-9B96B59DD2CE}.Debug|Mixed Platforms.ActiveCfg = Debug|Any CPU
		{13CC762C-6E75-4D4A-8D76-9B96B59DD2CE}.Debug|Mixed Platforms.Build.0 = Debug|Any CPU
		{13CC762C-6E75-4D4A-8D76-9B96B59DD2CE}.Debug|x86.ActiveCfg = Debug|Any CPU
		{13CC762C-6E75-4D4A-8D76-9B96B59DD2CE}.Release|Any CPU.ActiveCfg = Release|Any CPU
		{13CC762C-6E75-4D4A-8D76-9B96B59DD2CE}.Release|Any CPU.Build.0 = Release|Any CPU
		{13CC762C-6E75-4D4A-8D76-9B96B59DD2CE}.Release|Mixed Platforms.ActiveCfg = Release|Any CPU
		{13CC762C-6E75-4D4A-8D76-9B96B59DD2CE}.Release|Mixed Platforms.Build.0 = Release|Any CPU
		{13CC762C-6E75-4D4A-8D76-9B96B59DD2CE}.Release|x86.ActiveCfg = Release|Any CPU
		{F3EDD30E-A35E-4E7E-B770-CC3B7399D9B9}.Debug|Any CPU.ActiveCfg = Debug|Any CPU
		{F3EDD30E-A35E-4E7E-B770-CC3B7399D9B9}.Debug|Any CPU.Build.0 = Debug|Any CPU
		{F3EDD30E-A35E-4E7E-B770-CC3B7399D9B9}.Debug|Mixed Platforms.ActiveCfg = Debug|Any CPU
		{F3EDD30E-A35E-4E7E-B770-CC3B7399D9B9}.Debug|Mixed Platforms.Build.0 = Debug|Any CPU
		{F3EDD30E-A35E-4E7E-B770-CC3B7399D9B9}.Debug|x86.ActiveCfg = Debug|Any CPU
		{F3EDD30E-A35E-4E7E-B770-CC3B7399D9B9}.Release|Any CPU.ActiveCfg = Release|Any CPU
		{F3EDD30E-A35E-4E7E-B770-CC3B7399D9B9}.Release|Any CPU.Build.0 = Release|Any CPU
		{F3EDD30E-A35E-4E7E-B770-CC3B7399D9B9}.Release|Mixed Platforms.ActiveCfg = Release|Any CPU
		{F3EDD30E-A35E-4E7E-B770-CC3B7399D9B9}.Release|Mixed Platforms.Build.0 = Release|Any CPU
		{F3EDD30E-A35E-4E7E-B770-CC3B7399D9B9}.Release|x86.ActiveCfg = Release|Any CPU
		{07B3B2EA-9381-492B-800A-B46B7C2D0864}.Debug|Any CPU.ActiveCfg = Debug|Any CPU
		{07B3B2EA-9381-492B-800A-B46B7C2D0864}.Debug|Any CPU.Build.0 = Debug|Any CPU
		{07B3B2EA-9381-492B-800A-B46B7C2D0864}.Debug|Mixed Platforms.ActiveCfg = Debug|Any CPU
		{07B3B2EA-9381-492B-800A-B46B7C2D0864}.Debug|Mixed Platforms.Build.0 = Debug|Any CPU
		{07B3B2EA-9381-492B-800A-B46B7C2D0864}.Debug|x86.ActiveCfg = Debug|Any CPU
		{07B3B2EA-9381-492B-800A-B46B7C2D0864}.Release|Any CPU.ActiveCfg = Release|Any CPU
		{07B3B2EA-9381-492B-800A-B46B7C2D0864}.Release|Any CPU.Build.0 = Release|Any CPU
		{07B3B2EA-9381-492B-800A-B46B7C2D0864}.Release|Mixed Platforms.ActiveCfg = Release|Any CPU
		{07B3B2EA-9381-492B-800A-B46B7C2D0864}.Release|Mixed Platforms.Build.0 = Release|Any CPU
		{07B3B2EA-9381-492B-800A-B46B7C2D0864}.Release|x86.ActiveCfg = Release|Any CPU
		{245F64C6-4685-4595-95E3-A62D3A7EB87F}.Debug|Any CPU.ActiveCfg = Debug|Any CPU
		{245F64C6-4685-4595-95E3-A62D3A7EB87F}.Debug|Any CPU.Build.0 = Debug|Any CPU
		{245F64C6-4685-4595-95E3-A62D3A7EB87F}.Debug|Mixed Platforms.ActiveCfg = Debug|Any CPU
		{245F64C6-4685-4595-95E3-A62D3A7EB87F}.Debug|Mixed Platforms.Build.0 = Debug|Any CPU
		{245F64C6-4685-4595-95E3-A62D3A7EB87F}.Debug|x86.ActiveCfg = Debug|Any CPU
		{245F64C6-4685-4595-95E3-A62D3A7EB87F}.Release|Any CPU.ActiveCfg = Release|Any CPU
		{245F64C6-4685-4595-95E3-A62D3A7EB87F}.Release|Any CPU.Build.0 = Release|Any CPU
		{245F64C6-4685-4595-95E3-A62D3A7EB87F}.Release|Mixed Platforms.ActiveCfg = Release|Any CPU
		{245F64C6-4685-4595-95E3-A62D3A7EB87F}.Release|Mixed Platforms.Build.0 = Release|Any CPU
		{245F64C6-4685-4595-95E3-A62D3A7EB87F}.Release|x86.ActiveCfg = Release|Any CPU
		{D562F8F9-7B65-4C7E-9D02-66B71DD8A8A1}.Debug|Any CPU.ActiveCfg = Debug|Any CPU
		{D562F8F9-7B65-4C7E-9D02-66B71DD8A8A1}.Debug|Any CPU.Build.0 = Debug|Any CPU
		{D562F8F9-7B65-4C7E-9D02-66B71DD8A8A1}.Debug|Mixed Platforms.ActiveCfg = Debug|Any CPU
		{D562F8F9-7B65-4C7E-9D02-66B71DD8A8A1}.Debug|Mixed Platforms.Build.0 = Debug|Any CPU
		{D562F8F9-7B65-4C7E-9D02-66B71DD8A8A1}.Debug|x86.ActiveCfg = Debug|Any CPU
		{D562F8F9-7B65-4C7E-9D02-66B71DD8A8A1}.Release|Any CPU.ActiveCfg = Release|Any CPU
		{D562F8F9-7B65-4C7E-9D02-66B71DD8A8A1}.Release|Any CPU.Build.0 = Release|Any CPU
		{D562F8F9-7B65-4C7E-9D02-66B71DD8A8A1}.Release|Mixed Platforms.ActiveCfg = Release|Any CPU
		{D562F8F9-7B65-4C7E-9D02-66B71DD8A8A1}.Release|Mixed Platforms.Build.0 = Release|Any CPU
		{D562F8F9-7B65-4C7E-9D02-66B71DD8A8A1}.Release|x86.ActiveCfg = Release|Any CPU
		{812A5C9D-F699-41DB-8254-A5676965255E}.Debug|Any CPU.ActiveCfg = Debug|Any CPU
		{812A5C9D-F699-41DB-8254-A5676965255E}.Debug|Any CPU.Build.0 = Debug|Any CPU
		{812A5C9D-F699-41DB-8254-A5676965255E}.Debug|Mixed Platforms.ActiveCfg = Debug|Any CPU
		{812A5C9D-F699-41DB-8254-A5676965255E}.Debug|Mixed Platforms.Build.0 = Debug|Any CPU
		{812A5C9D-F699-41DB-8254-A5676965255E}.Debug|x86.ActiveCfg = Debug|Any CPU
		{812A5C9D-F699-41DB-8254-A5676965255E}.Release|Any CPU.ActiveCfg = Release|Any CPU
		{812A5C9D-F699-41DB-8254-A5676965255E}.Release|Any CPU.Build.0 = Release|Any CPU
		{812A5C9D-F699-41DB-8254-A5676965255E}.Release|Mixed Platforms.ActiveCfg = Release|Any CPU
		{812A5C9D-F699-41DB-8254-A5676965255E}.Release|Mixed Platforms.Build.0 = Release|Any CPU
		{812A5C9D-F699-41DB-8254-A5676965255E}.Release|x86.ActiveCfg = Release|Any CPU
		{8C0C7E48-7FE2-4B5D-ADA6-D356E59171D2}.Debug|Any CPU.ActiveCfg = Debug|Any CPU
		{8C0C7E48-7FE2-4B5D-ADA6-D356E59171D2}.Debug|Any CPU.Build.0 = Debug|Any CPU
		{8C0C7E48-7FE2-4B5D-ADA6-D356E59171D2}.Debug|Mixed Platforms.ActiveCfg = Debug|Any CPU
		{8C0C7E48-7FE2-4B5D-ADA6-D356E59171D2}.Debug|Mixed Platforms.Build.0 = Debug|Any CPU
		{8C0C7E48-7FE2-4B5D-ADA6-D356E59171D2}.Debug|x86.ActiveCfg = Debug|Any CPU
		{8C0C7E48-7FE2-4B5D-ADA6-D356E59171D2}.Release|Any CPU.ActiveCfg = Release|Any CPU
		{8C0C7E48-7FE2-4B5D-ADA6-D356E59171D2}.Release|Any CPU.Build.0 = Release|Any CPU
		{8C0C7E48-7FE2-4B5D-ADA6-D356E59171D2}.Release|Mixed Platforms.ActiveCfg = Release|Any CPU
		{8C0C7E48-7FE2-4B5D-ADA6-D356E59171D2}.Release|Mixed Platforms.Build.0 = Release|Any CPU
		{8C0C7E48-7FE2-4B5D-ADA6-D356E59171D2}.Release|x86.ActiveCfg = Release|Any CPU
		{7F11C7D3-50B2-4E02-9325-6BB33AF801E0}.Debug|Any CPU.ActiveCfg = Debug|Any CPU
		{7F11C7D3-50B2-4E02-9325-6BB33AF801E0}.Debug|Any CPU.Build.0 = Debug|Any CPU
		{7F11C7D3-50B2-4E02-9325-6BB33AF801E0}.Debug|Mixed Platforms.ActiveCfg = Debug|Any CPU
		{7F11C7D3-50B2-4E02-9325-6BB33AF801E0}.Debug|Mixed Platforms.Build.0 = Debug|Any CPU
		{7F11C7D3-50B2-4E02-9325-6BB33AF801E0}.Debug|x86.ActiveCfg = Debug|Any CPU
		{7F11C7D3-50B2-4E02-9325-6BB33AF801E0}.Release|Any CPU.ActiveCfg = Release|Any CPU
		{7F11C7D3-50B2-4E02-9325-6BB33AF801E0}.Release|Any CPU.Build.0 = Release|Any CPU
		{7F11C7D3-50B2-4E02-9325-6BB33AF801E0}.Release|Mixed Platforms.ActiveCfg = Release|Any CPU
		{7F11C7D3-50B2-4E02-9325-6BB33AF801E0}.Release|Mixed Platforms.Build.0 = Release|Any CPU
		{7F11C7D3-50B2-4E02-9325-6BB33AF801E0}.Release|x86.ActiveCfg = Release|Any CPU
		{29D86F21-570A-4397-8B68-DF3E2EE0421C}.Debug|Any CPU.ActiveCfg = Debug|Any CPU
		{29D86F21-570A-4397-8B68-DF3E2EE0421C}.Debug|Any CPU.Build.0 = Debug|Any CPU
		{29D86F21-570A-4397-8B68-DF3E2EE0421C}.Debug|Mixed Platforms.ActiveCfg = Debug|Any CPU
		{29D86F21-570A-4397-8B68-DF3E2EE0421C}.Debug|Mixed Platforms.Build.0 = Debug|Any CPU
		{29D86F21-570A-4397-8B68-DF3E2EE0421C}.Debug|x86.ActiveCfg = Debug|Any CPU
		{29D86F21-570A-4397-8B68-DF3E2EE0421C}.Release|Any CPU.ActiveCfg = Release|Any CPU
		{29D86F21-570A-4397-8B68-DF3E2EE0421C}.Release|Any CPU.Build.0 = Release|Any CPU
		{29D86F21-570A-4397-8B68-DF3E2EE0421C}.Release|Mixed Platforms.ActiveCfg = Release|Any CPU
		{29D86F21-570A-4397-8B68-DF3E2EE0421C}.Release|Mixed Platforms.Build.0 = Release|Any CPU
		{29D86F21-570A-4397-8B68-DF3E2EE0421C}.Release|x86.ActiveCfg = Release|Any CPU
		{662344B4-B18E-42EA-8165-BBD82CA272C1}.Debug|Any CPU.ActiveCfg = Debug|Any CPU
		{662344B4-B18E-42EA-8165-BBD82CA272C1}.Debug|Any CPU.Build.0 = Debug|Any CPU
		{662344B4-B18E-42EA-8165-BBD82CA272C1}.Debug|Mixed Platforms.ActiveCfg = Debug|Any CPU
		{662344B4-B18E-42EA-8165-BBD82CA272C1}.Debug|Mixed Platforms.Build.0 = Debug|Any CPU
		{662344B4-B18E-42EA-8165-BBD82CA272C1}.Debug|x86.ActiveCfg = Debug|Any CPU
		{662344B4-B18E-42EA-8165-BBD82CA272C1}.Release|Any CPU.ActiveCfg = Release|Any CPU
		{662344B4-B18E-42EA-8165-BBD82CA272C1}.Release|Any CPU.Build.0 = Release|Any CPU
		{662344B4-B18E-42EA-8165-BBD82CA272C1}.Release|Mixed Platforms.ActiveCfg = Release|Any CPU
		{662344B4-B18E-42EA-8165-BBD82CA272C1}.Release|Mixed Platforms.Build.0 = Release|Any CPU
		{662344B4-B18E-42EA-8165-BBD82CA272C1}.Release|x86.ActiveCfg = Release|Any CPU
		{D7BA7037-C5D1-4F64-A3F2-63C86EB53C5C}.Debug|Any CPU.ActiveCfg = Debug|Any CPU
		{D7BA7037-C5D1-4F64-A3F2-63C86EB53C5C}.Debug|Any CPU.Build.0 = Debug|Any CPU
		{D7BA7037-C5D1-4F64-A3F2-63C86EB53C5C}.Debug|Mixed Platforms.ActiveCfg = Debug|Any CPU
		{D7BA7037-C5D1-4F64-A3F2-63C86EB53C5C}.Debug|Mixed Platforms.Build.0 = Debug|Any CPU
		{D7BA7037-C5D1-4F64-A3F2-63C86EB53C5C}.Debug|x86.ActiveCfg = Debug|Any CPU
		{D7BA7037-C5D1-4F64-A3F2-63C86EB53C5C}.Release|Any CPU.ActiveCfg = Release|Any CPU
		{D7BA7037-C5D1-4F64-A3F2-63C86EB53C5C}.Release|Any CPU.Build.0 = Release|Any CPU
		{D7BA7037-C5D1-4F64-A3F2-63C86EB53C5C}.Release|Mixed Platforms.ActiveCfg = Release|Any CPU
		{D7BA7037-C5D1-4F64-A3F2-63C86EB53C5C}.Release|Mixed Platforms.Build.0 = Release|Any CPU
		{D7BA7037-C5D1-4F64-A3F2-63C86EB53C5C}.Release|x86.ActiveCfg = Release|Any CPU
		{41D084BB-154A-47F7-A51D-89100B63BDA2}.Debug|Any CPU.ActiveCfg = Debug|Any CPU
		{41D084BB-154A-47F7-A51D-89100B63BDA2}.Debug|Any CPU.Build.0 = Debug|Any CPU
		{41D084BB-154A-47F7-A51D-89100B63BDA2}.Debug|Mixed Platforms.ActiveCfg = Debug|Any CPU
		{41D084BB-154A-47F7-A51D-89100B63BDA2}.Debug|Mixed Platforms.Build.0 = Debug|Any CPU
		{41D084BB-154A-47F7-A51D-89100B63BDA2}.Debug|x86.ActiveCfg = Debug|Any CPU
		{41D084BB-154A-47F7-A51D-89100B63BDA2}.Release|Any CPU.ActiveCfg = Release|Any CPU
		{41D084BB-154A-47F7-A51D-89100B63BDA2}.Release|Any CPU.Build.0 = Release|Any CPU
		{41D084BB-154A-47F7-A51D-89100B63BDA2}.Release|Mixed Platforms.ActiveCfg = Release|Any CPU
		{41D084BB-154A-47F7-A51D-89100B63BDA2}.Release|Mixed Platforms.Build.0 = Release|Any CPU
		{41D084BB-154A-47F7-A51D-89100B63BDA2}.Release|x86.ActiveCfg = Release|Any CPU
		{7F3ABED1-9C78-44A6-9495-2B1B1155F9A5}.Debug|Any CPU.ActiveCfg = Debug|Any CPU
		{7F3ABED1-9C78-44A6-9495-2B1B1155F9A5}.Debug|Any CPU.Build.0 = Debug|Any CPU
		{7F3ABED1-9C78-44A6-9495-2B1B1155F9A5}.Debug|Mixed Platforms.ActiveCfg = Debug|Any CPU
		{7F3ABED1-9C78-44A6-9495-2B1B1155F9A5}.Debug|Mixed Platforms.Build.0 = Debug|Any CPU
		{7F3ABED1-9C78-44A6-9495-2B1B1155F9A5}.Debug|x86.ActiveCfg = Debug|Any CPU
		{7F3ABED1-9C78-44A6-9495-2B1B1155F9A5}.Release|Any CPU.ActiveCfg = Release|Any CPU
		{7F3ABED1-9C78-44A6-9495-2B1B1155F9A5}.Release|Any CPU.Build.0 = Release|Any CPU
		{7F3ABED1-9C78-44A6-9495-2B1B1155F9A5}.Release|Mixed Platforms.ActiveCfg = Release|Any CPU
		{7F3ABED1-9C78-44A6-9495-2B1B1155F9A5}.Release|Mixed Platforms.Build.0 = Release|Any CPU
		{7F3ABED1-9C78-44A6-9495-2B1B1155F9A5}.Release|x86.ActiveCfg = Release|Any CPU
		{46E0E5C5-2D83-4B25-BF33-FA6E9B227633}.Debug|Any CPU.ActiveCfg = Debug|Any CPU
		{46E0E5C5-2D83-4B25-BF33-FA6E9B227633}.Debug|Any CPU.Build.0 = Debug|Any CPU
		{46E0E5C5-2D83-4B25-BF33-FA6E9B227633}.Debug|Mixed Platforms.ActiveCfg = Debug|Any CPU
		{46E0E5C5-2D83-4B25-BF33-FA6E9B227633}.Debug|Mixed Platforms.Build.0 = Debug|Any CPU
		{46E0E5C5-2D83-4B25-BF33-FA6E9B227633}.Debug|x86.ActiveCfg = Debug|Any CPU
		{46E0E5C5-2D83-4B25-BF33-FA6E9B227633}.Release|Any CPU.ActiveCfg = Release|Any CPU
		{46E0E5C5-2D83-4B25-BF33-FA6E9B227633}.Release|Any CPU.Build.0 = Release|Any CPU
		{46E0E5C5-2D83-4B25-BF33-FA6E9B227633}.Release|Mixed Platforms.ActiveCfg = Release|Any CPU
		{46E0E5C5-2D83-4B25-BF33-FA6E9B227633}.Release|Mixed Platforms.Build.0 = Release|Any CPU
		{46E0E5C5-2D83-4B25-BF33-FA6E9B227633}.Release|x86.ActiveCfg = Release|Any CPU
		{E1E3A53A-6B9B-499A-8F06-5727886AB0CF}.Debug|Any CPU.ActiveCfg = Debug|Any CPU
		{E1E3A53A-6B9B-499A-8F06-5727886AB0CF}.Debug|Any CPU.Build.0 = Debug|Any CPU
		{E1E3A53A-6B9B-499A-8F06-5727886AB0CF}.Debug|Mixed Platforms.ActiveCfg = Debug|Any CPU
		{E1E3A53A-6B9B-499A-8F06-5727886AB0CF}.Debug|Mixed Platforms.Build.0 = Debug|Any CPU
		{E1E3A53A-6B9B-499A-8F06-5727886AB0CF}.Debug|x86.ActiveCfg = Debug|Any CPU
		{E1E3A53A-6B9B-499A-8F06-5727886AB0CF}.Release|Any CPU.ActiveCfg = Release|Any CPU
		{E1E3A53A-6B9B-499A-8F06-5727886AB0CF}.Release|Any CPU.Build.0 = Release|Any CPU
		{E1E3A53A-6B9B-499A-8F06-5727886AB0CF}.Release|Mixed Platforms.ActiveCfg = Release|Any CPU
		{E1E3A53A-6B9B-499A-8F06-5727886AB0CF}.Release|Mixed Platforms.Build.0 = Release|Any CPU
		{E1E3A53A-6B9B-499A-8F06-5727886AB0CF}.Release|x86.ActiveCfg = Release|Any CPU
		{BBB4C416-A963-4886-8575-CB547822FC5E}.Debug|Any CPU.ActiveCfg = Debug|Any CPU
		{BBB4C416-A963-4886-8575-CB547822FC5E}.Debug|Any CPU.Build.0 = Debug|Any CPU
		{BBB4C416-A963-4886-8575-CB547822FC5E}.Debug|Mixed Platforms.ActiveCfg = Debug|Any CPU
		{BBB4C416-A963-4886-8575-CB547822FC5E}.Debug|Mixed Platforms.Build.0 = Debug|Any CPU
		{BBB4C416-A963-4886-8575-CB547822FC5E}.Debug|x86.ActiveCfg = Debug|Any CPU
		{BBB4C416-A963-4886-8575-CB547822FC5E}.Release|Any CPU.ActiveCfg = Release|Any CPU
		{BBB4C416-A963-4886-8575-CB547822FC5E}.Release|Any CPU.Build.0 = Release|Any CPU
		{BBB4C416-A963-4886-8575-CB547822FC5E}.Release|Mixed Platforms.ActiveCfg = Release|Any CPU
		{BBB4C416-A963-4886-8575-CB547822FC5E}.Release|Mixed Platforms.Build.0 = Release|Any CPU
		{BBB4C416-A963-4886-8575-CB547822FC5E}.Release|x86.ActiveCfg = Release|Any CPU
		{6FEA9933-3CA8-4376-A683-3922036958C3}.Debug|Any CPU.ActiveCfg = Debug|Any CPU
		{6FEA9933-3CA8-4376-A683-3922036958C3}.Debug|Any CPU.Build.0 = Debug|Any CPU
		{6FEA9933-3CA8-4376-A683-3922036958C3}.Debug|Mixed Platforms.ActiveCfg = Debug|Any CPU
		{6FEA9933-3CA8-4376-A683-3922036958C3}.Debug|Mixed Platforms.Build.0 = Debug|Any CPU
		{6FEA9933-3CA8-4376-A683-3922036958C3}.Debug|x86.ActiveCfg = Debug|Any CPU
		{6FEA9933-3CA8-4376-A683-3922036958C3}.Release|Any CPU.ActiveCfg = Release|Any CPU
		{6FEA9933-3CA8-4376-A683-3922036958C3}.Release|Any CPU.Build.0 = Release|Any CPU
		{6FEA9933-3CA8-4376-A683-3922036958C3}.Release|Mixed Platforms.ActiveCfg = Release|Any CPU
		{6FEA9933-3CA8-4376-A683-3922036958C3}.Release|Mixed Platforms.Build.0 = Release|Any CPU
		{6FEA9933-3CA8-4376-A683-3922036958C3}.Release|x86.ActiveCfg = Release|Any CPU
		{382D69BB-CCA2-4CDC-AEB3-446B65060781}.Debug|Any CPU.ActiveCfg = Debug|Any CPU
		{382D69BB-CCA2-4CDC-AEB3-446B65060781}.Debug|Any CPU.Build.0 = Debug|Any CPU
		{382D69BB-CCA2-4CDC-AEB3-446B65060781}.Debug|Mixed Platforms.ActiveCfg = Debug|Any CPU
		{382D69BB-CCA2-4CDC-AEB3-446B65060781}.Debug|Mixed Platforms.Build.0 = Debug|Any CPU
		{382D69BB-CCA2-4CDC-AEB3-446B65060781}.Debug|x86.ActiveCfg = Debug|Any CPU
		{382D69BB-CCA2-4CDC-AEB3-446B65060781}.Release|Any CPU.ActiveCfg = Release|Any CPU
		{382D69BB-CCA2-4CDC-AEB3-446B65060781}.Release|Any CPU.Build.0 = Release|Any CPU
		{382D69BB-CCA2-4CDC-AEB3-446B65060781}.Release|Mixed Platforms.ActiveCfg = Release|Any CPU
		{382D69BB-CCA2-4CDC-AEB3-446B65060781}.Release|Mixed Platforms.Build.0 = Release|Any CPU
		{382D69BB-CCA2-4CDC-AEB3-446B65060781}.Release|x86.ActiveCfg = Release|Any CPU
		{8B21E3F2-FD7D-4AB2-8459-CAFEAC1DABD5}.Debug|Any CPU.ActiveCfg = Debug|Any CPU
		{8B21E3F2-FD7D-4AB2-8459-CAFEAC1DABD5}.Debug|Any CPU.Build.0 = Debug|Any CPU
		{8B21E3F2-FD7D-4AB2-8459-CAFEAC1DABD5}.Debug|Mixed Platforms.ActiveCfg = Debug|Any CPU
		{8B21E3F2-FD7D-4AB2-8459-CAFEAC1DABD5}.Debug|Mixed Platforms.Build.0 = Debug|Any CPU
		{8B21E3F2-FD7D-4AB2-8459-CAFEAC1DABD5}.Debug|x86.ActiveCfg = Debug|Any CPU
		{8B21E3F2-FD7D-4AB2-8459-CAFEAC1DABD5}.Release|Any CPU.ActiveCfg = Release|Any CPU
		{8B21E3F2-FD7D-4AB2-8459-CAFEAC1DABD5}.Release|Any CPU.Build.0 = Release|Any CPU
		{8B21E3F2-FD7D-4AB2-8459-CAFEAC1DABD5}.Release|Mixed Platforms.ActiveCfg = Release|Any CPU
		{8B21E3F2-FD7D-4AB2-8459-CAFEAC1DABD5}.Release|Mixed Platforms.Build.0 = Release|Any CPU
		{8B21E3F2-FD7D-4AB2-8459-CAFEAC1DABD5}.Release|x86.ActiveCfg = Release|Any CPU
		{29B987B2-E827-4E7A-8D60-8CD02F6D8686}.Debug|Any CPU.ActiveCfg = Debug|Any CPU
		{29B987B2-E827-4E7A-8D60-8CD02F6D8686}.Debug|Any CPU.Build.0 = Debug|Any CPU
		{29B987B2-E827-4E7A-8D60-8CD02F6D8686}.Debug|Mixed Platforms.ActiveCfg = Debug|Any CPU
		{29B987B2-E827-4E7A-8D60-8CD02F6D8686}.Debug|Mixed Platforms.Build.0 = Debug|Any CPU
		{29B987B2-E827-4E7A-8D60-8CD02F6D8686}.Debug|x86.ActiveCfg = Debug|Any CPU
		{29B987B2-E827-4E7A-8D60-8CD02F6D8686}.Release|Any CPU.ActiveCfg = Release|Any CPU
		{29B987B2-E827-4E7A-8D60-8CD02F6D8686}.Release|Any CPU.Build.0 = Release|Any CPU
		{29B987B2-E827-4E7A-8D60-8CD02F6D8686}.Release|Mixed Platforms.ActiveCfg = Release|Any CPU
		{29B987B2-E827-4E7A-8D60-8CD02F6D8686}.Release|Mixed Platforms.Build.0 = Release|Any CPU
		{29B987B2-E827-4E7A-8D60-8CD02F6D8686}.Release|x86.ActiveCfg = Release|Any CPU
		{01DA7261-98C8-4EB0-8240-FDDF852CF59B}.Debug|Any CPU.ActiveCfg = Debug|Any CPU
		{01DA7261-98C8-4EB0-8240-FDDF852CF59B}.Debug|Any CPU.Build.0 = Debug|Any CPU
		{01DA7261-98C8-4EB0-8240-FDDF852CF59B}.Debug|Mixed Platforms.ActiveCfg = Debug|Any CPU
		{01DA7261-98C8-4EB0-8240-FDDF852CF59B}.Debug|Mixed Platforms.Build.0 = Debug|Any CPU
		{01DA7261-98C8-4EB0-8240-FDDF852CF59B}.Debug|x86.ActiveCfg = Debug|Any CPU
		{01DA7261-98C8-4EB0-8240-FDDF852CF59B}.Release|Any CPU.ActiveCfg = Release|Any CPU
		{01DA7261-98C8-4EB0-8240-FDDF852CF59B}.Release|Any CPU.Build.0 = Release|Any CPU
		{01DA7261-98C8-4EB0-8240-FDDF852CF59B}.Release|Mixed Platforms.ActiveCfg = Release|Any CPU
		{01DA7261-98C8-4EB0-8240-FDDF852CF59B}.Release|Mixed Platforms.Build.0 = Release|Any CPU
		{01DA7261-98C8-4EB0-8240-FDDF852CF59B}.Release|x86.ActiveCfg = Release|Any CPU
		{40703C01-B49E-49CD-A889-F348E3C838B8}.Debug|Any CPU.ActiveCfg = Debug|Any CPU
		{40703C01-B49E-49CD-A889-F348E3C838B8}.Debug|Any CPU.Build.0 = Debug|Any CPU
		{40703C01-B49E-49CD-A889-F348E3C838B8}.Debug|Mixed Platforms.ActiveCfg = Debug|Any CPU
		{40703C01-B49E-49CD-A889-F348E3C838B8}.Debug|Mixed Platforms.Build.0 = Debug|Any CPU
		{40703C01-B49E-49CD-A889-F348E3C838B8}.Debug|x86.ActiveCfg = Debug|Any CPU
		{40703C01-B49E-49CD-A889-F348E3C838B8}.Release|Any CPU.ActiveCfg = Release|Any CPU
		{40703C01-B49E-49CD-A889-F348E3C838B8}.Release|Any CPU.Build.0 = Release|Any CPU
		{40703C01-B49E-49CD-A889-F348E3C838B8}.Release|Mixed Platforms.ActiveCfg = Release|Any CPU
		{40703C01-B49E-49CD-A889-F348E3C838B8}.Release|Mixed Platforms.Build.0 = Release|Any CPU
		{40703C01-B49E-49CD-A889-F348E3C838B8}.Release|x86.ActiveCfg = Release|Any CPU
		{05D21982-E835-405C-BCF9-F798AF93EB49}.Debug|Any CPU.ActiveCfg = Debug|Any CPU
		{05D21982-E835-405C-BCF9-F798AF93EB49}.Debug|Any CPU.Build.0 = Debug|Any CPU
		{05D21982-E835-405C-BCF9-F798AF93EB49}.Debug|Mixed Platforms.ActiveCfg = Debug|Any CPU
		{05D21982-E835-405C-BCF9-F798AF93EB49}.Debug|Mixed Platforms.Build.0 = Debug|Any CPU
		{05D21982-E835-405C-BCF9-F798AF93EB49}.Debug|x86.ActiveCfg = Debug|Any CPU
		{05D21982-E835-405C-BCF9-F798AF93EB49}.Release|Any CPU.ActiveCfg = Release|Any CPU
		{05D21982-E835-405C-BCF9-F798AF93EB49}.Release|Any CPU.Build.0 = Release|Any CPU
		{05D21982-E835-405C-BCF9-F798AF93EB49}.Release|Mixed Platforms.ActiveCfg = Release|Any CPU
		{05D21982-E835-405C-BCF9-F798AF93EB49}.Release|Mixed Platforms.Build.0 = Release|Any CPU
		{05D21982-E835-405C-BCF9-F798AF93EB49}.Release|x86.ActiveCfg = Release|Any CPU
		{DDEEF249-8C0F-4959-B027-906E159CE9ED}.Debug|Any CPU.ActiveCfg = Debug|Any CPU
		{DDEEF249-8C0F-4959-B027-906E159CE9ED}.Debug|Any CPU.Build.0 = Debug|Any CPU
		{DDEEF249-8C0F-4959-B027-906E159CE9ED}.Debug|Mixed Platforms.ActiveCfg = Debug|Any CPU
		{DDEEF249-8C0F-4959-B027-906E159CE9ED}.Debug|Mixed Platforms.Build.0 = Debug|Any CPU
		{DDEEF249-8C0F-4959-B027-906E159CE9ED}.Debug|x86.ActiveCfg = Debug|Any CPU
		{DDEEF249-8C0F-4959-B027-906E159CE9ED}.Release|Any CPU.ActiveCfg = Release|Any CPU
		{DDEEF249-8C0F-4959-B027-906E159CE9ED}.Release|Any CPU.Build.0 = Release|Any CPU
		{DDEEF249-8C0F-4959-B027-906E159CE9ED}.Release|Mixed Platforms.ActiveCfg = Release|Any CPU
		{DDEEF249-8C0F-4959-B027-906E159CE9ED}.Release|Mixed Platforms.Build.0 = Release|Any CPU
		{DDEEF249-8C0F-4959-B027-906E159CE9ED}.Release|x86.ActiveCfg = Release|Any CPU
		{D92B4577-F1C7-4274-89E2-405D278CC805}.Debug|Any CPU.ActiveCfg = Debug|Any CPU
		{D92B4577-F1C7-4274-89E2-405D278CC805}.Debug|Any CPU.Build.0 = Debug|Any CPU
		{D92B4577-F1C7-4274-89E2-405D278CC805}.Debug|Mixed Platforms.ActiveCfg = Debug|Any CPU
		{D92B4577-F1C7-4274-89E2-405D278CC805}.Debug|Mixed Platforms.Build.0 = Debug|Any CPU
		{D92B4577-F1C7-4274-89E2-405D278CC805}.Debug|x86.ActiveCfg = Debug|Any CPU
		{D92B4577-F1C7-4274-89E2-405D278CC805}.Release|Any CPU.ActiveCfg = Release|Any CPU
		{D92B4577-F1C7-4274-89E2-405D278CC805}.Release|Any CPU.Build.0 = Release|Any CPU
		{D92B4577-F1C7-4274-89E2-405D278CC805}.Release|Mixed Platforms.ActiveCfg = Release|Any CPU
		{D92B4577-F1C7-4274-89E2-405D278CC805}.Release|Mixed Platforms.Build.0 = Release|Any CPU
		{D92B4577-F1C7-4274-89E2-405D278CC805}.Release|x86.ActiveCfg = Release|Any CPU
		{90F11A33-6FCA-4A2D-A878-4D818B67A3E8}.Debug|Any CPU.ActiveCfg = Debug|Any CPU
		{90F11A33-6FCA-4A2D-A878-4D818B67A3E8}.Debug|Any CPU.Build.0 = Debug|Any CPU
		{90F11A33-6FCA-4A2D-A878-4D818B67A3E8}.Debug|Mixed Platforms.ActiveCfg = Debug|Any CPU
		{90F11A33-6FCA-4A2D-A878-4D818B67A3E8}.Debug|Mixed Platforms.Build.0 = Debug|Any CPU
		{90F11A33-6FCA-4A2D-A878-4D818B67A3E8}.Debug|x86.ActiveCfg = Debug|Any CPU
		{90F11A33-6FCA-4A2D-A878-4D818B67A3E8}.Release|Any CPU.ActiveCfg = Release|Any CPU
		{90F11A33-6FCA-4A2D-A878-4D818B67A3E8}.Release|Any CPU.Build.0 = Release|Any CPU
		{90F11A33-6FCA-4A2D-A878-4D818B67A3E8}.Release|Mixed Platforms.ActiveCfg = Release|Any CPU
		{90F11A33-6FCA-4A2D-A878-4D818B67A3E8}.Release|Mixed Platforms.Build.0 = Release|Any CPU
		{90F11A33-6FCA-4A2D-A878-4D818B67A3E8}.Release|x86.ActiveCfg = Release|Any CPU
		{FEB6E732-298C-40FC-A459-A9F500D65085}.Debug|Any CPU.ActiveCfg = Debug|Any CPU
		{FEB6E732-298C-40FC-A459-A9F500D65085}.Debug|Any CPU.Build.0 = Debug|Any CPU
		{FEB6E732-298C-40FC-A459-A9F500D65085}.Debug|Mixed Platforms.ActiveCfg = Debug|Any CPU
		{FEB6E732-298C-40FC-A459-A9F500D65085}.Debug|Mixed Platforms.Build.0 = Debug|Any CPU
		{FEB6E732-298C-40FC-A459-A9F500D65085}.Debug|x86.ActiveCfg = Debug|Any CPU
		{FEB6E732-298C-40FC-A459-A9F500D65085}.Release|Any CPU.ActiveCfg = Release|Any CPU
		{FEB6E732-298C-40FC-A459-A9F500D65085}.Release|Any CPU.Build.0 = Release|Any CPU
		{FEB6E732-298C-40FC-A459-A9F500D65085}.Release|Mixed Platforms.ActiveCfg = Release|Any CPU
		{FEB6E732-298C-40FC-A459-A9F500D65085}.Release|Mixed Platforms.Build.0 = Release|Any CPU
		{FEB6E732-298C-40FC-A459-A9F500D65085}.Release|x86.ActiveCfg = Release|Any CPU
		{A8AA01D6-3ECD-4CE1-AA1B-84A03D43FAEC}.Debug|Any CPU.ActiveCfg = Debug|Any CPU
		{A8AA01D6-3ECD-4CE1-AA1B-84A03D43FAEC}.Debug|Any CPU.Build.0 = Debug|Any CPU
		{A8AA01D6-3ECD-4CE1-AA1B-84A03D43FAEC}.Debug|Mixed Platforms.ActiveCfg = Debug|Any CPU
		{A8AA01D6-3ECD-4CE1-AA1B-84A03D43FAEC}.Debug|Mixed Platforms.Build.0 = Debug|Any CPU
		{A8AA01D6-3ECD-4CE1-AA1B-84A03D43FAEC}.Debug|x86.ActiveCfg = Debug|Any CPU
		{A8AA01D6-3ECD-4CE1-AA1B-84A03D43FAEC}.Release|Any CPU.ActiveCfg = Release|Any CPU
		{A8AA01D6-3ECD-4CE1-AA1B-84A03D43FAEC}.Release|Any CPU.Build.0 = Release|Any CPU
		{A8AA01D6-3ECD-4CE1-AA1B-84A03D43FAEC}.Release|Mixed Platforms.ActiveCfg = Release|Any CPU
		{A8AA01D6-3ECD-4CE1-AA1B-84A03D43FAEC}.Release|Mixed Platforms.Build.0 = Release|Any CPU
		{A8AA01D6-3ECD-4CE1-AA1B-84A03D43FAEC}.Release|x86.ActiveCfg = Release|Any CPU
		{86B7BA6A-F2E0-43AD-9950-F28ADB519234}.Debug|Any CPU.ActiveCfg = Debug|Any CPU
		{86B7BA6A-F2E0-43AD-9950-F28ADB519234}.Debug|Any CPU.Build.0 = Debug|Any CPU
		{86B7BA6A-F2E0-43AD-9950-F28ADB519234}.Debug|Mixed Platforms.ActiveCfg = Debug|Any CPU
		{86B7BA6A-F2E0-43AD-9950-F28ADB519234}.Debug|Mixed Platforms.Build.0 = Debug|Any CPU
		{86B7BA6A-F2E0-43AD-9950-F28ADB519234}.Debug|x86.ActiveCfg = Debug|Any CPU
		{86B7BA6A-F2E0-43AD-9950-F28ADB519234}.Release|Any CPU.ActiveCfg = Release|Any CPU
		{86B7BA6A-F2E0-43AD-9950-F28ADB519234}.Release|Any CPU.Build.0 = Release|Any CPU
		{86B7BA6A-F2E0-43AD-9950-F28ADB519234}.Release|Mixed Platforms.ActiveCfg = Release|Any CPU
		{86B7BA6A-F2E0-43AD-9950-F28ADB519234}.Release|Mixed Platforms.Build.0 = Release|Any CPU
		{86B7BA6A-F2E0-43AD-9950-F28ADB519234}.Release|x86.ActiveCfg = Release|Any CPU
		{288CE984-1785-4734-8691-E33D1EAEE14B}.Debug|Any CPU.ActiveCfg = Debug|x86
		{288CE984-1785-4734-8691-E33D1EAEE14B}.Debug|Mixed Platforms.ActiveCfg = Debug|x86
		{288CE984-1785-4734-8691-E33D1EAEE14B}.Debug|Mixed Platforms.Build.0 = Debug|x86
		{288CE984-1785-4734-8691-E33D1EAEE14B}.Debug|x86.ActiveCfg = Debug|x86
		{288CE984-1785-4734-8691-E33D1EAEE14B}.Debug|x86.Build.0 = Debug|x86
		{288CE984-1785-4734-8691-E33D1EAEE14B}.Release|Any CPU.ActiveCfg = Release|x86
		{288CE984-1785-4734-8691-E33D1EAEE14B}.Release|Mixed Platforms.ActiveCfg = Release|x86
		{288CE984-1785-4734-8691-E33D1EAEE14B}.Release|Mixed Platforms.Build.0 = Release|x86
		{288CE984-1785-4734-8691-E33D1EAEE14B}.Release|x86.ActiveCfg = Release|x86
		{288CE984-1785-4734-8691-E33D1EAEE14B}.Release|x86.Build.0 = Release|x86
		{30D74973-80E0-4A78-84E0-B2E7FCA3B556}.Debug|Any CPU.ActiveCfg = Debug|Any CPU
		{30D74973-80E0-4A78-84E0-B2E7FCA3B556}.Debug|Any CPU.Build.0 = Debug|Any CPU
		{30D74973-80E0-4A78-84E0-B2E7FCA3B556}.Debug|Mixed Platforms.ActiveCfg = Debug|Any CPU
		{30D74973-80E0-4A78-84E0-B2E7FCA3B556}.Debug|Mixed Platforms.Build.0 = Debug|Any CPU
		{30D74973-80E0-4A78-84E0-B2E7FCA3B556}.Debug|x86.ActiveCfg = Debug|Any CPU
		{30D74973-80E0-4A78-84E0-B2E7FCA3B556}.Release|Any CPU.ActiveCfg = Release|Any CPU
		{30D74973-80E0-4A78-84E0-B2E7FCA3B556}.Release|Any CPU.Build.0 = Release|Any CPU
		{30D74973-80E0-4A78-84E0-B2E7FCA3B556}.Release|Mixed Platforms.ActiveCfg = Release|Any CPU
		{30D74973-80E0-4A78-84E0-B2E7FCA3B556}.Release|Mixed Platforms.Build.0 = Release|Any CPU
		{30D74973-80E0-4A78-84E0-B2E7FCA3B556}.Release|x86.ActiveCfg = Release|Any CPU
	EndGlobalSection
	GlobalSection(SolutionProperties) = preSolution
		HideSolutionNode = FALSE
	EndGlobalSection
EndGlobal
