
Microsoft Visual Studio Solution File, Format Version 10.00
# Visual Studio 2008
Project("{FAE04EC0-301F-11D3-BF4B-00C04F79EFBC}") = "Urasandesu.NTroll.PInvoke", "Urasandesu.NTroll.PInvoke\Urasandesu.NTroll.PInvoke.csproj", "{FD51EBA3-6975-471E-85EA-10D940A1CD41}"
EndProject
Project("{FAE04EC0-301F-11D3-BF4B-00C04F79EFBC}") = "Urasandesu.NTroll.EnumerateWindowsSample", "Urasandesu.NTroll.EnumerateWindowsSample\Urasandesu.NTroll.EnumerateWindowsSample.csproj", "{1F26F58D-CFB4-4F6B-A0FD-8E9B0137EE07}"
EndProject
Project("{FAE04EC0-301F-11D3-BF4B-00C04F79EFBC}") = "Urasandesu.NTroll.GlobalClassTestSample", "Urasandesu.NTroll.GlobalClassTestSample\Urasandesu.NTroll.GlobalClassTestSample.csproj", "{FFDB8F7E-5A67-4793-B561-C25F3A4FC02D}"
EndProject
Project("{FAE04EC0-301F-11D3-BF4B-00C04F79EFBC}") = "Test.Urasandesu.NTroll.GlobalClassTestSample", "Test.Urasandesu.NTroll.GlobalClassTestSample\Test.Urasandesu.NTroll.GlobalClassTestSample.csproj", "{B6146F37-4954-42B6-85A4-48767E81BE1D}"
EndProject
Project("{FAE04EC0-301F-11D3-BF4B-00C04F79EFBC}") = "Test.Urasandesu.NTroll.GlobalClassTestSample.DI", "Test.Urasandesu.NTroll.GlobalClassTestSample.DI\Test.Urasandesu.NTroll.GlobalClassTestSample.DI.csproj", "{1D399416-67B0-4BC4-95E9-EA6BFC71CF42}"
EndProject
Project("{FAE04EC0-301F-11D3-BF4B-00C04F79EFBC}") = "Urasandesu.NTroll.MVVM", "Urasandesu.NTroll.MVVM\Urasandesu.NTroll.MVVM.csproj", "{13CC762C-6E75-4D4A-8D76-9B96B59DD2CE}"
EndProject
Global
	GlobalSection(SolutionConfigurationPlatforms) = preSolution
		Debug|Any CPU = Debug|Any CPU
		Release|Any CPU = Release|Any CPU
	EndGlobalSection
	GlobalSection(ProjectConfigurationPlatforms) = postSolution
		{FD51EBA3-6975-471E-85EA-10D940A1CD41}.Debug|Any CPU.ActiveCfg = Debug|Any CPU
		{FD51EBA3-6975-471E-85EA-10D940A1CD41}.Debug|Any CPU.Build.0 = Debug|Any CPU
		{FD51EBA3-6975-471E-85EA-10D940A1CD41}.Release|Any CPU.ActiveCfg = Release|Any CPU
		{FD51EBA3-6975-471E-85EA-10D940A1CD41}.Release|Any CPU.Build.0 = Release|Any CPU
		{1F26F58D-CFB4-4F6B-A0FD-8E9B0137EE07}.Debug|Any CPU.ActiveCfg = Debug|Any CPU
		{1F26F58D-CFB4-4F6B-A0FD-8E9B0137EE07}.Debug|Any CPU.Build.0 = Debug|Any CPU
		{1F26F58D-CFB4-4F6B-A0FD-8E9B0137EE07}.Release|Any CPU.ActiveCfg = Release|Any CPU
		{1F26F58D-CFB4-4F6B-A0FD-8E9B0137EE07}.Release|Any CPU.Build.0 = Release|Any CPU
		{FFDB8F7E-5A67-4793-B561-C25F3A4FC02D}.Debug|Any CPU.ActiveCfg = Debug|Any CPU
		{FFDB8F7E-5A67-4793-B561-C25F3A4FC02D}.Debug|Any CPU.Build.0 = Debug|Any CPU
		{FFDB8F7E-5A67-4793-B561-C25F3A4FC02D}.Release|Any CPU.ActiveCfg = Release|Any CPU
		{FFDB8F7E-5A67-4793-B561-C25F3A4FC02D}.Release|Any CPU.Build.0 = Release|Any CPU
		{B6146F37-4954-42B6-85A4-48767E81BE1D}.Debug|Any CPU.ActiveCfg = Debug|Any CPU
		{B6146F37-4954-42B6-85A4-48767E81BE1D}.Debug|Any CPU.Build.0 = Debug|Any CPU
		{B6146F37-4954-42B6-85A4-48767E81BE1D}.Release|Any CPU.ActiveCfg = Release|Any CPU
		{B6146F37-4954-42B6-85A4-48767E81BE1D}.Release|Any CPU.Build.0 = Release|Any CPU
		{1D399416-67B0-4BC4-95E9-EA6BFC71CF42}.Debug|Any CPU.ActiveCfg = Debug|Any CPU
		{1D399416-67B0-4BC4-95E9-EA6BFC71CF42}.Debug|Any CPU.Build.0 = Debug|Any CPU
		{1D399416-67B0-4BC4-95E9-EA6BFC71CF42}.Release|Any CPU.ActiveCfg = Release|Any CPU
		{1D399416-67B0-4BC4-95E9-EA6BFC71CF42}.Release|Any CPU.Build.0 = Release|Any CPU
		{13CC762C-6E75-4D4A-8D76-9B96B59DD2CE}.Debug|Any CPU.ActiveCfg = Debug|Any CPU
		{13CC762C-6E75-4D4A-8D76-9B96B59DD2CE}.Debug|Any CPU.Build.0 = Debug|Any CPU
		{13CC762C-6E75-4D4A-8D76-9B96B59DD2CE}.Release|Any CPU.ActiveCfg = Release|Any CPU
		{13CC762C-6E75-4D4A-8D76-9B96B59DD2CE}.Release|Any CPU.Build.0 = Release|Any CPU
	EndGlobalSection
	GlobalSection(SolutionProperties) = preSolution
		HideSolutionNode = FALSE
	EndGlobalSection
EndGlobal
